PODS:
  - R.swift (5.3.1):
    - R.swift.Library (~> 5.3.0)
  - R.swift.Library (5.3.0)
  - Realm (10.2.0):
    - Realm/Headers (= 10.2.0)
  - Realm/Headers (10.2.0)
  - RealmSwift (10.2.0):
    - Realm (= 10.2.0)
  - SDWebImage (5.10.0):
    - SDWebImage/Core (= 5.10.0)
  - SDWebImage/Core (5.10.0)
  - XMLCoder (0.11.1)

DEPENDENCIES:
  - R.swift
  - RealmSwift
  - SDWebImage (~> 5.0)
  - XMLCoder (~> 0.11.1)

SPEC REPOS:
  trunk:
    - R.swift
    - R.swift.Library
    - Realm
    - RealmSwift
    - SDWebImage
    - XMLCoder

SPEC CHECKSUMS:
  R.swift: 56ec7e3aef34b9eee47a659e42462db2c1cc5ac3
  R.swift.Library: 0fc583cb55a99e28901299cc451614cad1161962
  Realm: d7914ebf66bb182469726f997c4c38eff286aab0
  RealmSwift: aad08b7dc8c732b7b5794286e9df83739bf834f1
  SDWebImage: 9169792e9eec3e45bba2a0c02f74bf8bd922d1ee
  XMLCoder: c4638336674de7ba279cd23f2005817d69f538e0

PODFILE CHECKSUM: 5cf5543bb1aec234ba2559ff98179e2f40369d59

COCOAPODS: 1.10.0
