{
  "object": {
    "pins": [
      {
        "package": "R.swift.Library",
        "repositoryURL": "https://github.com/mac-cain13/R.swift.Library",
        "state": {
          "branch": null,
          "revision": "5025163d8f60d3c56124c309db0246ba421aa8c6",
          "version": "5.3.0"
        }
      },
      {
        "package": "Realm",
        "repositoryURL": "https://github.com/realm/realm-cocoa.git",
        "state": {
          "branch": null,
          "revision": "75cfd26033574d75aa81ceca2809b8ef46ecaa18",
          "version": "10.5.2"
        }
      },
      {
        "package": "RealmDatabase",
        "repositoryURL": "https://github.com/realm/realm-core",
        "state": {
          "branch": null,
          "revision": "b93ab22d2ff79b105f2a83450e5630d830166cfc",
          "version": "10.4.0"
        }
      },
      {
        "package": "SDWebImage",
        "repositoryURL": "https://github.com/SDWebImage/SDWebImage.git",
        "state": {
          "branch": null,
          "revision": "a6b6e44eadf0d39250c10a7cc0e3b91d0bdb0e94",
          "version": "5.10.4"
        }
      },
      {
        "package": "XMLCoder",
        "repositoryURL": "https://github.com/MaxDesiatov/XMLCoder.git",
        "state": {
          "branch": null,
          "revision": "b8fa7fe4c0849f8a64cc246e71c5d976809222e4",
          "version": "0.12.0"
        }
      }
    ]
  },
  "version": 1
}
